#MicroXplorer Configuration settings - do not modify
Mcu.Family=STM32F1
ProjectManager.MainLocation=Core/Src
PB13.GPIOParameters=GPIO_PuPd,GPIO_Label
PA6.Mode=Full_Duplex_Master
USART2.IPParameters=VirtualMode,BaudRate
ProjectManager.KeepUserCode=true
Mcu.UserName=STM32F103C8Tx
SPI1.VirtualType=VM_MASTER
PA10.GPIO_PuPd=GPIO_PULLUP
RCC.PLLCLKFreq_Value=16000000
PB14.GPIO_Label=DIP_2
PC13-TAMPER-RTC.GPIOParameters=GPIO_Speed,PinState,GPIO_Label,GPIO_ModeDefaultOutputPP
PA12.GPIOParameters=GPIO_PuPd,GPIO_Label
ProjectManager.functionlistsort=1-MX_GPIO_Init-GPIO-false-HAL-true,2-SystemClock_Config-RCC-false-HAL-false,3-MX_SPI1_Init-SPI1-false-HAL-true,4-MX_USART2_UART_Init-USART2-false-HAL-true
PA9.GPIOParameters=GPIO_PuPd,GPIO_Label
PA11.GPIOParameters=GPIO_PuPd,GPIO_Label
NVIC.TIM1_UP_IRQn=true\:0\:0\:false\:false\:true\:false\:false\:true
PA11.GPIO_PuPd=GPIO_PULLUP
PB13.GPIO_Label=DIP_1
PB13.Signal=GPIO_Input
PB15.Signal=GPIO_Input
PinOutPanel.RotationAngle=0
ProjectManager.StackSize=0x400
PD1-OSC_OUT.Signal=RCC_OSC_OUT
Mcu.IP4=SYS
Mcu.IP5=USART2
NVIC.SVCall_IRQn=true\:0\:0\:false\:false\:false\:false\:false\:false
Mcu.IP2=RCC
Mcu.IP3=SPI1
Mcu.IP0=FREERTOS
PA12.Locked=true
Mcu.IP1=NVIC
PA12.Signal=GPIO_Input
Mcu.UserConstants=
Mcu.ThirdPartyNb=0
SPI1.Direction=SPI_DIRECTION_2LINES
Mcu.IPNb=6
ProjectManager.PreviousToolchain=
SPI1.CalculateBaudRate=4.0 MBits/s
PA8.GPIOParameters=GPIO_PuPd,GPIO_Label
Mcu.Pin6=PA1
Mcu.Pin7=PA2
Mcu.Pin8=PA3
Mcu.Pin9=PA4
FREERTOS.IPParameters=Tasks01,FootprintOK
PB13.Locked=true
Mcu.Pin0=PC13-TAMPER-RTC
Mcu.Pin1=PC14-OSC32_IN
GPIO.groupedBy=Group By Peripherals
Mcu.Pin2=PC15-OSC32_OUT
Mcu.Pin3=PD0-OSC_IN
Mcu.Pin4=PD1-OSC_OUT
Mcu.Pin5=PA0-WKUP
ProjectManager.ProjectBuild=false
NVIC.UsageFault_IRQn=true\:0\:0\:false\:false\:true\:false\:false\:false
NVIC.DebugMonitor_IRQn=true\:0\:0\:false\:false\:true\:false\:false\:false
PA8.Locked=true
PA4.Locked=true
NVIC.SysTick_IRQn=true\:15\:0\:false\:false\:false\:true\:false\:true
PB12.GPIO_Label=SOFT_GND
ProjectManager.FirmwarePackage=STM32Cube FW_F1 V1.8.3
MxDb.Version=DB.6.0.0
ProjectManager.BackupPrevious=false
PC14-OSC32_IN.Mode=LSE-External-Oscillator
PC13-TAMPER-RTC.PinState=GPIO_PIN_SET
PA14.Mode=Serial_Wire
VP_SYS_VS_tim1.Mode=TIM1
File.Version=6
PA10.GPIO_Label=DIP_6
PA8.Signal=GPIO_Input
NVIC.PendSV_IRQn=true\:15\:0\:false\:false\:false\:true\:false\:false
PC13-TAMPER-RTC.GPIO_Speed=GPIO_SPEED_FREQ_MEDIUM
VP_FREERTOS_VS_CMSIS_V1.Mode=CMSIS_V1
ProjectManager.HalAssertFull=false
ProjectManager.ProjectName=payload-fw
RCC.PLLMCOFreq_Value=8000000
Mcu.Package=LQFP48
PB14.GPIO_PuPd=GPIO_PULLUP
PA6.Signal=SPI1_MISO
NVIC.TimeBase=TIM1_UP_IRQn
PB15.GPIO_PuPd=GPIO_PULLUP
USART2.VirtualMode=VM_ASYNC
ProjectManager.ToolChainLocation=
NVIC.TimeBaseIP=TIM1
PA10.Signal=GPIO_Input
FREERTOS.FootprintOK=true
PB14.GPIOParameters=GPIO_PuPd,GPIO_Label
NVIC.BusFault_IRQn=true\:0\:0\:false\:false\:true\:false\:false\:false
PA12.GPIO_PuPd=GPIO_PULLUP
ProjectManager.CustomerFirmwarePackage=
PB15.Locked=true
PA3.Signal=USART2_RX
PA5.Mode=Full_Duplex_Master
RCC.PLLSourceVirtual=RCC_PLLSOURCE_HSE
PC15-OSC32_OUT.Mode=LSE-External-Oscillator
ProjectManager.ProjectFileName=payload-fw.ioc
FREERTOS.Tasks01=defaultTask,0,256,StartDefaultTask,Default,NULL,Dynamic,NULL,NULL
PA7.Mode=Full_Duplex_Master
PD1-OSC_OUT.Mode=HSE-External-Oscillator
Mcu.PinsNb=26
ProjectManager.NoMain=false
SPI1.IPParameters=VirtualType,Mode,Direction,CalculateBaudRate
NVIC.SavedSvcallIrqHandlerGenerated=true
PA9.GPIO_Label=DIP_5
PC13-TAMPER-RTC.Signal=GPIO_Output
PA11.GPIO_Label=DIP_7
ProjectManager.DefaultFWLocation=true
PD0-OSC_IN.Signal=RCC_OSC_IN
PB12.Locked=true
ProjectManager.DeletePrevious=true
PB14.Locked=true
PC14-OSC32_IN.Signal=RCC_OSC32_IN
PA9.GPIO_PuPd=GPIO_PULLUP
USART2.BaudRate=115200
PA12.GPIO_Label=DIP_8
RCC.FamilyName=M
PA0-WKUP.Signal=GPIO_Input
PA0-WKUP.Locked=true
PA13.Signal=SYS_JTMS-SWDIO
PA3.Mode=Asynchronous
VP_FREERTOS_VS_CMSIS_V1.Signal=FREERTOS_VS_CMSIS_V1
PA11.Locked=true
PA8.GPIO_Label=DIP_4
ProjectManager.TargetToolchain=Other Toolchains (GPDSC)
PA9.Signal=GPIO_Input
ProjectManager.RegisterCallBack=
PC13-TAMPER-RTC.Locked=true
RCC.USBFreq_Value=16000000
PC15-OSC32_OUT.Signal=RCC_OSC32_OUT
PA1.Signal=GPIO_Output
PB12.GPIO_Speed=GPIO_SPEED_FREQ_HIGH
PD0-OSC_IN.Mode=HSE-External-Oscillator
PB14.Signal=GPIO_Input
PA5.Signal=SPI1_SCK
board=custom
ProjectManager.LastFirmware=true
PC13-TAMPER-RTC.GPIO_Label=USER_LED
PB13.GPIO_PuPd=GPIO_PULLUP
RCC.VCOOutput2Freq_Value=8000000
NVIC.SavedSystickIrqHandlerGenerated=true
RCC.APB2Freq_Value=8000000
MxCube.Version=6.0.1
PB15.GPIO_Label=DIP_3
VP_SYS_VS_tim1.Signal=SYS_VS_tim1
SPI1.Mode=SPI_MODE_MASTER
PA10.GPIOParameters=GPIO_PuPd,GPIO_Label
PA9.Locked=true
NVIC.NonMaskableInt_IRQn=true\:0\:0\:false\:false\:true\:false\:false\:false
PB15.GPIOParameters=GPIO_PuPd,GPIO_Label
PA13.Mode=Serial_Wire
ProjectManager.FreePins=false
RCC.IPParameters=APB1Freq_Value,APB2Freq_Value,FamilyName,PLLCLKFreq_Value,PLLMCOFreq_Value,PLLSourceVirtual,TimSysFreq_Value,USBFreq_Value,VCOOutput2Freq_Value
ProjectManager.AskForMigrate=true
Mcu.Name=STM32F103C(8-B)Tx
NVIC.SavedPendsvIrqHandlerGenerated=true
Mcu.Pin24=VP_FREERTOS_VS_CMSIS_V1
PA2.Signal=USART2_TX
ProjectManager.UnderRoot=false
Mcu.Pin25=VP_SYS_VS_tim1
ProjectManager.CoupleFile=true
PA4.Signal=GPIO_Output
PC13-TAMPER-RTC.GPIO_ModeDefaultOutputPP=GPIO_MODE_OUTPUT_OD
Mcu.Pin22=PA13
Mcu.Pin23=PA14
RCC.TimSysFreq_Value=8000000
PA1.Locked=true
Mcu.Pin20=PA11
Mcu.Pin21=PA12
PA10.Locked=true
NVIC.ForceEnableDMAVector=true
KeepUserPlacement=false
NVIC.MemoryManagement_IRQn=true\:0\:0\:false\:false\:true\:false\:false\:false
ProjectManager.CompilerOptimize=6
PA11.Signal=GPIO_Input
PA14.Signal=SYS_JTCK-SWCLK
ProjectManager.HeapSize=0x200
Mcu.Pin15=PB14
NVIC.HardFault_IRQn=true\:0\:0\:false\:false\:true\:false\:false\:false
Mcu.Pin16=PB15
Mcu.Pin13=PB12
Mcu.Pin14=PB13
Mcu.Pin19=PA10
ProjectManager.ComputerToolchain=false
Mcu.Pin17=PA8
PA8.GPIO_PuPd=GPIO_PULLUP
Mcu.Pin18=PA9
NVIC.PriorityGroup=NVIC_PRIORITYGROUP_4
Mcu.Pin11=PA6
Mcu.Pin12=PA7
Mcu.Pin10=PA5
PA2.Mode=Asynchronous
RCC.APB1Freq_Value=8000000
ProjectManager.DeviceId=STM32F103C8Tx
PB12.GPIOParameters=GPIO_Speed,GPIO_Label
PB12.Signal=GPIO_Output
ProjectManager.LibraryCopy=2
PA7.Signal=SPI1_MOSI
